// !$*UTF8*$!
{
	archiveVersion = 1;
	classes = {
	};
	objectVersion = 50;
	objects = {

/* Begin PBXBuildFile section */
		6F136620245D91C200CF541C /* AppDelegate.swift in Sources */ = {isa = PBXBuildFile; fileRef = 6F13661F245D91C200CF541C /* AppDelegate.swift */; };
		6F136622245D91C200CF541C /* SceneDelegate.swift in Sources */ = {isa = PBXBuildFile; fileRef = 6F136621245D91C200CF541C /* SceneDelegate.swift */; };
		6F136627245D91C200CF541C /* Main.storyboard in Resources */ = {isa = PBXBuildFile; fileRef = 6F136625245D91C200CF541C /* Main.storyboard */; };
		6F136629245D91C800CF541C /* Assets.xcassets in Resources */ = {isa = PBXBuildFile; fileRef = 6F136628245D91C800CF541C /* Assets.xcassets */; };
		6F13662C245D91C800CF541C /* LaunchScreen.storyboard in Resources */ = {isa = PBXBuildFile; fileRef = 6F13662A245D91C800CF541C /* LaunchScreen.storyboard */; };
		6F136639245D94BF00CF541C /* CategoryTableViewCell.swift in Sources */ = {isa = PBXBuildFile; fileRef = 6F136638245D94BF00CF541C /* CategoryTableViewCell.swift */; };
		6F13663B245D954300CF541C /* CategoryViewController.swift in Sources */ = {isa = PBXBuildFile; fileRef = 6F13663A245D954300CF541C /* CategoryViewController.swift */; };
		6F13663E245DAA3900CF541C /* SubCategoryViewController.swift in Sources */ = {isa = PBXBuildFile; fileRef = 6F13663D245DAA3900CF541C /* SubCategoryViewController.swift */; };
		6F136640245DAA5800CF541C /* SubCategoryTableViewCell.swift in Sources */ = {isa = PBXBuildFile; fileRef = 6F13663F245DAA5800CF541C /* SubCategoryTableViewCell.swift */; };
		6F136642245DBC5600CF541C /* SegueSwizzler.swift in Sources */ = {isa = PBXBuildFile; fileRef = 6F136641245DBC5600CF541C /* SegueSwizzler.swift */; };
		6F136645245DCD6200CF541C /* HelpersAndDecoders.swift in Sources */ = {isa = PBXBuildFile; fileRef = 6F136644245DCD6200CF541C /* HelpersAndDecoders.swift */; };
		6F136648245DDB1300CF541C /* WearListViewController.swift in Sources */ = {isa = PBXBuildFile; fileRef = 6F136647245DDB1300CF541C /* WearListViewController.swift */; };
		6F13664A245DDB4C00CF541C /* WearCollectionViewCell.swift in Sources */ = {isa = PBXBuildFile; fileRef = 6F136649245DDB4C00CF541C /* WearCollectionViewCell.swift */; };
		6F6713E02462BC0100EA57D0 /* CustomNavigationBar.swift in Sources */ = {isa = PBXBuildFile; fileRef = 6F6713DF2462BC0100EA57D0 /* CustomNavigationBar.swift */; };
		6F6713E22462BDB500EA57D0 /* BasketViewController.swift in Sources */ = {isa = PBXBuildFile; fileRef = 6F6713E12462BDB500EA57D0 /* BasketViewController.swift */; };
		6F6713E42462BE0E00EA57D0 /* BasketTableViewCell.swift in Sources */ = {isa = PBXBuildFile; fileRef = 6F6713E32462BE0E00EA57D0 /* BasketTableViewCell.swift */; };
		6F93D1DF2464011000080F34 /* BasketStruct.swift in Sources */ = {isa = PBXBuildFile; fileRef = 6F93D1DE2464011000080F34 /* BasketStruct.swift */; };
		6F9EA3B2245ECA27007A54CD /* WearDetailCollectionViewCell.swift in Sources */ = {isa = PBXBuildFile; fileRef = 6F9EA3B1245ECA27007A54CD /* WearDetailCollectionViewCell.swift */; };
		6FC14605246553BE00626DBE /* Network.swift in Sources */ = {isa = PBXBuildFile; fileRef = 6FC14604246553BE00626DBE /* Network.swift */; };
		6FC146072465540C00626DBE /* BlaskstarURLs.swift in Sources */ = {isa = PBXBuildFile; fileRef = 6FC146062465540C00626DBE /* BlaskstarURLs.swift */; };
		6FC35147245EC7D100C34793 /* WearDetailViewController.swift in Sources */ = {isa = PBXBuildFile; fileRef = 6FC35146245EC7D100C34793 /* WearDetailViewController.swift */; };
		75691F4B7594EAE2FBA762E6 /* libPods-BlackStarDiploma.a in Frameworks */ = {isa = PBXBuildFile; fileRef = BEA62525317AB1CE042FBECA /* libPods-BlackStarDiploma.a */; };
/* End PBXBuildFile section */

/* Begin PBXFileReference section */
		6F13661C245D91C200CF541C /* Black Star Wear.app */ = {isa = PBXFileReference; explicitFileType = wrapper.application; includeInIndex = 0; path = "Black Star Wear.app"; sourceTree = BUILT_PRODUCTS_DIR; };
		6F13661F245D91C200CF541C /* AppDelegate.swift */ = {isa = PBXFileReference; lastKnownFileType = sourcecode.swift; path = AppDelegate.swift; sourceTree = "<group>"; };
		6F136621245D91C200CF541C /* SceneDelegate.swift */ = {isa = PBXFileReference; lastKnownFileType = sourcecode.swift; path = SceneDelegate.swift; sourceTree = "<group>"; };
		6F136626245D91C200CF541C /* Base */ = {isa = PBXFileReference; lastKnownFileType = file.storyboard; name = Base; path = Base.lproj/Main.storyboard; sourceTree = "<group>"; };
		6F136628245D91C800CF541C /* Assets.xcassets */ = {isa = PBXFileReference; lastKnownFileType = folder.assetcatalog; path = Assets.xcassets; sourceTree = "<group>"; };
		6F13662B245D91C800CF541C /* Base */ = {isa = PBXFileReference; lastKnownFileType = file.storyboard; name = Base; path = Base.lproj/LaunchScreen.storyboard; sourceTree = "<group>"; };
		6F13662D245D91C800CF541C /* Info.plist */ = {isa = PBXFileReference; lastKnownFileType = text.plist.xml; path = Info.plist; sourceTree = "<group>"; };
		6F136638245D94BF00CF541C /* CategoryTableViewCell.swift */ = {isa = PBXFileReference; lastKnownFileType = sourcecode.swift; path = CategoryTableViewCell.swift; sourceTree = "<group>"; };
		6F13663A245D954300CF541C /* CategoryViewController.swift */ = {isa = PBXFileReference; lastKnownFileType = sourcecode.swift; path = CategoryViewController.swift; sourceTree = "<group>"; };
		6F13663D245DAA3900CF541C /* SubCategoryViewController.swift */ = {isa = PBXFileReference; lastKnownFileType = sourcecode.swift; path = SubCategoryViewController.swift; sourceTree = "<group>"; };
		6F13663F245DAA5800CF541C /* SubCategoryTableViewCell.swift */ = {isa = PBXFileReference; lastKnownFileType = sourcecode.swift; path = SubCategoryTableViewCell.swift; sourceTree = "<group>"; };
		6F136641245DBC5600CF541C /* SegueSwizzler.swift */ = {isa = PBXFileReference; fileEncoding = 4; lastKnownFileType = sourcecode.swift; path = SegueSwizzler.swift; sourceTree = "<group>"; };
		6F136644245DCD6200CF541C /* HelpersAndDecoders.swift */ = {isa = PBXFileReference; lastKnownFileType = sourcecode.swift; path = HelpersAndDecoders.swift; sourceTree = "<group>"; };
		6F136647245DDB1300CF541C /* WearListViewController.swift */ = {isa = PBXFileReference; lastKnownFileType = sourcecode.swift; path = WearListViewController.swift; sourceTree = "<group>"; };
		6F136649245DDB4C00CF541C /* WearCollectionViewCell.swift */ = {isa = PBXFileReference; lastKnownFileType = sourcecode.swift; path = WearCollectionViewCell.swift; sourceTree = "<group>"; };
		6F6713DF2462BC0100EA57D0 /* CustomNavigationBar.swift */ = {isa = PBXFileReference; lastKnownFileType = sourcecode.swift; path = CustomNavigationBar.swift; sourceTree = "<group>"; };
		6F6713E12462BDB500EA57D0 /* BasketViewController.swift */ = {isa = PBXFileReference; lastKnownFileType = sourcecode.swift; path = BasketViewController.swift; sourceTree = "<group>"; };
		6F6713E32462BE0E00EA57D0 /* BasketTableViewCell.swift */ = {isa = PBXFileReference; lastKnownFileType = sourcecode.swift; path = BasketTableViewCell.swift; sourceTree = "<group>"; };
		6F93D1DE2464011000080F34 /* BasketStruct.swift */ = {isa = PBXFileReference; lastKnownFileType = sourcecode.swift; path = BasketStruct.swift; sourceTree = "<group>"; };
		6F9EA3B1245ECA27007A54CD /* WearDetailCollectionViewCell.swift */ = {isa = PBXFileReference; lastKnownFileType = sourcecode.swift; path = WearDetailCollectionViewCell.swift; sourceTree = "<group>"; };
		6FC14604246553BE00626DBE /* Network.swift */ = {isa = PBXFileReference; lastKnownFileType = sourcecode.swift; path = Network.swift; sourceTree = "<group>"; };
		6FC146062465540C00626DBE /* BlaskstarURLs.swift */ = {isa = PBXFileReference; lastKnownFileType = sourcecode.swift; path = BlaskstarURLs.swift; sourceTree = "<group>"; };
		6FC35146245EC7D100C34793 /* WearDetailViewController.swift */ = {isa = PBXFileReference; lastKnownFileType = sourcecode.swift; path = WearDetailViewController.swift; sourceTree = "<group>"; };
		7ACA77165CE9FFBBF266D04B /* Pods-BlackStarDiploma.debug.xcconfig */ = {isa = PBXFileReference; includeInIndex = 1; lastKnownFileType = text.xcconfig; name = "Pods-BlackStarDiploma.debug.xcconfig"; path = "Target Support Files/Pods-BlackStarDiploma/Pods-BlackStarDiploma.debug.xcconfig"; sourceTree = "<group>"; };
		BA900FBA698E6D6C68C14D23 /* Pods-BlackStarDiploma.release.xcconfig */ = {isa = PBXFileReference; includeInIndex = 1; lastKnownFileType = text.xcconfig; name = "Pods-BlackStarDiploma.release.xcconfig"; path = "Target Support Files/Pods-BlackStarDiploma/Pods-BlackStarDiploma.release.xcconfig"; sourceTree = "<group>"; };
		BEA62525317AB1CE042FBECA /* libPods-BlackStarDiploma.a */ = {isa = PBXFileReference; explicitFileType = archive.ar; includeInIndex = 0; path = "libPods-BlackStarDiploma.a"; sourceTree = BUILT_PRODUCTS_DIR; };
/* End PBXFileReference section */

/* Begin PBXFrameworksBuildPhase section */
		6F136619245D91C200CF541C /* Frameworks */ = {
			isa = PBXFrameworksBuildPhase;
			buildActionMask = 2147483647;
			files = (
				75691F4B7594EAE2FBA762E6 /* libPods-BlackStarDiploma.a in Frameworks */,
			);
			runOnlyForDeploymentPostprocessing = 0;
		};
/* End PBXFrameworksBuildPhase section */

/* Begin PBXGroup section */
		6390C7778A71AC3359F480D1 /* Frameworks */ = {
			isa = PBXGroup;
			children = (
				BEA62525317AB1CE042FBECA /* libPods-BlackStarDiploma.a */,
			);
			name = Frameworks;
			sourceTree = "<group>";
		};
		6F136613245D91C200CF541C = {
			isa = PBXGroup;
			children = (
				6F13661E245D91C200CF541C /* BlackStarDiploma */,
				6F13661D245D91C200CF541C /* Products */,
				EA1B0206A0BB96F9E0CC43A2 /* Pods */,
				6390C7778A71AC3359F480D1 /* Frameworks */,
			);
			sourceTree = "<group>";
		};
		6F13661D245D91C200CF541C /* Products */ = {
			isa = PBXGroup;
			children = (
				6F13661C245D91C200CF541C /* Black Star Wear.app */,
			);
			name = Products;
			sourceTree = "<group>";
		};
		6F13661E245D91C200CF541C /* BlackStarDiploma */ = {
			isa = PBXGroup;
			children = (
				6F13662D245D91C800CF541C /* Info.plist */,
				6F6713E52462BE1200EA57D0 /* BasketScreen */,
				6FC35148245EC80500C34793 /* WearDetailScreen */,
				6F136646245DDAE800CF541C /* WearListScreen */,
				6F136643245DC9AF00CF541C /* Helpers */,
				6F13663C245DAA0E00CF541C /* SubCategoryScreen */,
				6F136637245D949A00CF541C /* CategoryScreen */,
			);
			path = BlackStarDiploma;
			sourceTree = "<group>";
		};
		6F136637245D949A00CF541C /* CategoryScreen */ = {
			isa = PBXGroup;
			children = (
				6F136638245D94BF00CF541C /* CategoryTableViewCell.swift */,
				6F13663A245D954300CF541C /* CategoryViewController.swift */,
				6F6713DF2462BC0100EA57D0 /* CustomNavigationBar.swift */,
			);
			path = CategoryScreen;
			sourceTree = "<group>";
		};
		6F13663C245DAA0E00CF541C /* SubCategoryScreen */ = {
			isa = PBXGroup;
			children = (
				6F13663D245DAA3900CF541C /* SubCategoryViewController.swift */,
				6F13663F245DAA5800CF541C /* SubCategoryTableViewCell.swift */,
			);
			path = SubCategoryScreen;
			sourceTree = "<group>";
		};
		6F136643245DC9AF00CF541C /* Helpers */ = {
			isa = PBXGroup;
			children = (
				6F136625245D91C200CF541C /* Main.storyboard */,
				6F13662A245D91C800CF541C /* LaunchScreen.storyboard */,
				6F136628245D91C800CF541C /* Assets.xcassets */,
				6F136621245D91C200CF541C /* SceneDelegate.swift */,
				6F13661F245D91C200CF541C /* AppDelegate.swift */,
				6F136641245DBC5600CF541C /* SegueSwizzler.swift */,
				6F136644245DCD6200CF541C /* HelpersAndDecoders.swift */,
				6FC14604246553BE00626DBE /* Network.swift */,
				6FC146062465540C00626DBE /* BlaskstarURLs.swift */,
			);
			path = Helpers;
			sourceTree = "<group>";
		};
		6F136646245DDAE800CF541C /* WearListScreen */ = {
			isa = PBXGroup;
			children = (
				6F136647245DDB1300CF541C /* WearListViewController.swift */,
				6F136649245DDB4C00CF541C /* WearCollectionViewCell.swift */,
			);
			path = WearListScreen;
			sourceTree = "<group>";
		};
		6F6713E52462BE1200EA57D0 /* BasketScreen */ = {
			isa = PBXGroup;
			children = (
				6F6713E12462BDB500EA57D0 /* BasketViewController.swift */,
				6F6713E32462BE0E00EA57D0 /* BasketTableViewCell.swift */,
				6F93D1DE2464011000080F34 /* BasketStruct.swift */,
			);
			path = BasketScreen;
			sourceTree = "<group>";
		};
		6FC35148245EC80500C34793 /* WearDetailScreen */ = {
			isa = PBXGroup;
			children = (
				6FC35146245EC7D100C34793 /* WearDetailViewController.swift */,
				6F9EA3B1245ECA27007A54CD /* WearDetailCollectionViewCell.swift */,
			);
			path = WearDetailScreen;
			sourceTree = "<group>";
		};
		EA1B0206A0BB96F9E0CC43A2 /* Pods */ = {
			isa = PBXGroup;
			children = (
				7ACA77165CE9FFBBF266D04B /* Pods-BlackStarDiploma.debug.xcconfig */,
				BA900FBA698E6D6C68C14D23 /* Pods-BlackStarDiploma.release.xcconfig */,
			);
			path = Pods;
			sourceTree = "<group>";
		};
/* End PBXGroup section */

/* Begin PBXNativeTarget section */
		6F13661B245D91C200CF541C /* BlackStarDiploma */ = {
			isa = PBXNativeTarget;
			buildConfigurationList = 6F136630245D91C800CF541C /* Build configuration list for PBXNativeTarget "BlackStarDiploma" */;
			buildPhases = (
				28B6EB18B823F76B904640F2 /* [CP] Check Pods Manifest.lock */,
				6F136618245D91C200CF541C /* Sources */,
				6F136619245D91C200CF541C /* Frameworks */,
				6F13661A245D91C200CF541C /* Resources */,
			);
			buildRules = (
			);
			dependencies = (
			);
			name = BlackStarDiploma;
			productName = BlackStarDiploma;
			productReference = 6F13661C245D91C200CF541C /* Black Star Wear.app */;
			productType = "com.apple.product-type.application";
		};
/* End PBXNativeTarget section */

/* Begin PBXProject section */
		6F136614245D91C200CF541C /* Project object */ = {
			isa = PBXProject;
			attributes = {
				LastSwiftUpdateCheck = 1140;
				LastUpgradeCheck = 1140;
				ORGANIZATIONNAME = "Roman Kuzmich Home Dev";
				TargetAttributes = {
					6F13661B245D91C200CF541C = {
						CreatedOnToolsVersion = 11.4.1;
					};
				};
			};
			buildConfigurationList = 6F136617245D91C200CF541C /* Build configuration list for PBXProject "BlackStarDiploma" */;
			compatibilityVersion = "Xcode 9.3";
			developmentRegion = en;
			hasScannedForEncodings = 0;
			knownRegions = (
				en,
				Base,
			);
			mainGroup = 6F136613245D91C200CF541C;
			productRefGroup = 6F13661D245D91C200CF541C /* Products */;
			projectDirPath = "";
			projectRoot = "";
			targets = (
				6F13661B245D91C200CF541C /* BlackStarDiploma */,
			);
		};
/* End PBXProject section */

/* Begin PBXResourcesBuildPhase section */
		6F13661A245D91C200CF541C /* Resources */ = {
			isa = PBXResourcesBuildPhase;
			buildActionMask = 2147483647;
			files = (
				6F13662C245D91C800CF541C /* LaunchScreen.storyboard in Resources */,
				6F136629245D91C800CF541C /* Assets.xcassets in Resources */,
				6F136627245D91C200CF541C /* Main.storyboard in Resources */,
			);
			runOnlyForDeploymentPostprocessing = 0;
		};
/* End PBXResourcesBuildPhase section */

/* Begin PBXShellScriptBuildPhase section */
		28B6EB18B823F76B904640F2 /* [CP] Check Pods Manifest.lock */ = {
			isa = PBXShellScriptBuildPhase;
			buildActionMask = 2147483647;
			files = (
			);
			inputFileListPaths = (
			);
			inputPaths = (
				"${PODS_PODFILE_DIR_PATH}/Podfile.lock",
				"${PODS_ROOT}/Manifest.lock",
			);
			name = "[CP] Check Pods Manifest.lock";
			outputFileListPaths = (
			);
			outputPaths = (
				"$(DERIVED_FILE_DIR)/Pods-BlackStarDiploma-checkManifestLockResult.txt",
			);
			runOnlyForDeploymentPostprocessing = 0;
			shellPath = /bin/sh;
			shellScript = "diff \"${PODS_PODFILE_DIR_PATH}/Podfile.lock\" \"${PODS_ROOT}/Manifest.lock\" > /dev/null\nif [ $? != 0 ] ; then\n    # print error to STDERR\n    echo \"error: The sandbox is not in sync with the Podfile.lock. Run 'pod install' or update your CocoaPods installation.\" >&2\n    exit 1\nfi\n# This output is used by Xcode 'outputs' to avoid re-running this script phase.\necho \"SUCCESS\" > \"${SCRIPT_OUTPUT_FILE_0}\"\n";
			showEnvVarsInLog = 0;
		};
/* End PBXShellScriptBuildPhase section */

/* Begin PBXSourcesBuildPhase section */
		6F136618245D91C200CF541C /* Sources */ = {
			isa = PBXSourcesBuildPhase;
			buildActionMask = 2147483647;
			files = (
				6F13663B245D954300CF541C /* CategoryViewController.swift in Sources */,
				6F136642245DBC5600CF541C /* SegueSwizzler.swift in Sources */,
				6F6713E22462BDB500EA57D0 /* BasketViewController.swift in Sources */,
				6F9EA3B2245ECA27007A54CD /* WearDetailCollectionViewCell.swift in Sources */,
				6F136645245DCD6200CF541C /* HelpersAndDecoders.swift in Sources */,
				6F13663E245DAA3900CF541C /* SubCategoryViewController.swift in Sources */,
				6F6713E02462BC0100EA57D0 /* CustomNavigationBar.swift in Sources */,
				6F136639245D94BF00CF541C /* CategoryTableViewCell.swift in Sources */,
				6FC35147245EC7D100C34793 /* WearDetailViewController.swift in Sources */,
				6F13664A245DDB4C00CF541C /* WearCollectionViewCell.swift in Sources */,
				6FC14605246553BE00626DBE /* Network.swift in Sources */,
				6F136648245DDB1300CF541C /* WearListViewController.swift in Sources */,
				6F136620245D91C200CF541C /* AppDelegate.swift in Sources */,
				6F93D1DF2464011000080F34 /* BasketStruct.swift in Sources */,
				6F136622245D91C200CF541C /* SceneDelegate.swift in Sources */,
				6FC146072465540C00626DBE /* BlaskstarURLs.swift in Sources */,
				6F6713E42462BE0E00EA57D0 /* BasketTableViewCell.swift in Sources */,
				6F136640245DAA5800CF541C /* SubCategoryTableViewCell.swift in Sources */,
			);
			runOnlyForDeploymentPostprocessing = 0;
		};
/* End PBXSourcesBuildPhase section */

/* Begin PBXVariantGroup section */
		6F136625245D91C200CF541C /* Main.storyboard */ = {
			isa = PBXVariantGroup;
			children = (
				6F136626245D91C200CF541C /* Base */,
			);
			name = Main.storyboard;
			sourceTree = "<group>";
		};
		6F13662A245D91C800CF541C /* LaunchScreen.storyboard */ = {
			isa = PBXVariantGroup;
			children = (
				6F13662B245D91C800CF541C /* Base */,
			);
			name = LaunchScreen.storyboard;
			sourceTree = "<group>";
		};
/* End PBXVariantGroup section */

/* Begin XCBuildConfiguration section */
		6F13662E245D91C800CF541C /* Debug */ = {
			isa = XCBuildConfiguration;
			buildSettings = {
				ALWAYS_SEARCH_USER_PATHS = NO;
				CLANG_ANALYZER_NONNULL = YES;
				CLANG_ANALYZER_NUMBER_OBJECT_CONVERSION = YES_AGGRESSIVE;
				CLANG_CXX_LANGUAGE_STANDARD = "gnu++14";
				CLANG_CXX_LIBRARY = "libc++";
				CLANG_ENABLE_MODULES = YES;
				CLANG_ENABLE_OBJC_ARC = YES;
				CLANG_ENABLE_OBJC_WEAK = YES;
				CLANG_WARN_BLOCK_CAPTURE_AUTORELEASING = YES;
				CLANG_WARN_BOOL_CONVERSION = YES;
				CLANG_WARN_COMMA = YES;
				CLANG_WARN_CONSTANT_CONVERSION = YES;
				CLANG_WARN_DEPRECATED_OBJC_IMPLEMENTATIONS = YES;
				CLANG_WARN_DIRECT_OBJC_ISA_USAGE = YES_ERROR;
				CLANG_WARN_DOCUMENTATION_COMMENTS = YES;
				CLANG_WARN_EMPTY_BODY = YES;
				CLANG_WARN_ENUM_CONVERSION = YES;
				CLANG_WARN_INFINITE_RECURSION = YES;
				CLANG_WARN_INT_CONVERSION = YES;
				CLANG_WARN_NON_LITERAL_NULL_CONVERSION = YES;
				CLANG_WARN_OBJC_IMPLICIT_RETAIN_SELF = YES;
				CLANG_WARN_OBJC_LITERAL_CONVERSION = YES;
				CLANG_WARN_OBJC_ROOT_CLASS = YES_ERROR;
				CLANG_WARN_RANGE_LOOP_ANALYSIS = YES;
				CLANG_WARN_STRICT_PROTOTYPES = YES;
				CLANG_WARN_SUSPICIOUS_MOVE = YES;
				CLANG_WARN_UNGUARDED_AVAILABILITY = YES_AGGRESSIVE;
				CLANG_WARN_UNREACHABLE_CODE = YES;
				CLANG_WARN__DUPLICATE_METHOD_MATCH = YES;
				COPY_PHASE_STRIP = NO;
				DEBUG_INFORMATION_FORMAT = dwarf;
				ENABLE_STRICT_OBJC_MSGSEND = YES;
				ENABLE_TESTABILITY = YES;
				GCC_C_LANGUAGE_STANDARD = gnu11;
				GCC_DYNAMIC_NO_PIC = NO;
				GCC_NO_COMMON_BLOCKS = YES;
				GCC_OPTIMIZATION_LEVEL = 0;
				GCC_PREPROCESSOR_DEFINITIONS = (
					"DEBUG=1",
					"$(inherited)",
				);
				GCC_WARN_64_TO_32_BIT_CONVERSION = YES;
				GCC_WARN_ABOUT_RETURN_TYPE = YES_ERROR;
				GCC_WARN_UNDECLARED_SELECTOR = YES;
				GCC_WARN_UNINITIALIZED_AUTOS = YES_AGGRESSIVE;
				GCC_WARN_UNUSED_FUNCTION = YES;
				GCC_WARN_UNUSED_VARIABLE = YES;
				IPHONEOS_DEPLOYMENT_TARGET = 13.4;
				MTL_ENABLE_DEBUG_INFO = INCLUDE_SOURCE;
				MTL_FAST_MATH = YES;
				ONLY_ACTIVE_ARCH = YES;
				SDKROOT = iphoneos;
				SWIFT_ACTIVE_COMPILATION_CONDITIONS = DEBUG;
				SWIFT_OPTIMIZATION_LEVEL = "-Onone";
			};
			name = Debug;
		};
		6F13662F245D91C800CF541C /* Release */ = {
			isa = XCBuildConfiguration;
			buildSettings = {
				ALWAYS_SEARCH_USER_PATHS = NO;
				CLANG_ANALYZER_NONNULL = YES;
				CLANG_ANALYZER_NUMBER_OBJECT_CONVERSION = YES_AGGRESSIVE;
				CLANG_CXX_LANGUAGE_STANDARD = "gnu++14";
				CLANG_CXX_LIBRARY = "libc++";
				CLANG_ENABLE_MODULES = YES;
				CLANG_ENABLE_OBJC_ARC = YES;
				CLANG_ENABLE_OBJC_WEAK = YES;
				CLANG_WARN_BLOCK_CAPTURE_AUTORELEASING = YES;
				CLANG_WARN_BOOL_CONVERSION = YES;
				CLANG_WARN_COMMA = YES;
				CLANG_WARN_CONSTANT_CONVERSION = YES;
				CLANG_WARN_DEPRECATED_OBJC_IMPLEMENTATIONS = YES;
				CLANG_WARN_DIRECT_OBJC_ISA_USAGE = YES_ERROR;
				CLANG_WARN_DOCUMENTATION_COMMENTS = YES;
				CLANG_WARN_EMPTY_BODY = YES;
				CLANG_WARN_ENUM_CONVERSION = YES;
				CLANG_WARN_INFINITE_RECURSION = YES;
				CLANG_WARN_INT_CONVERSION = YES;
				CLANG_WARN_NON_LITERAL_NULL_CONVERSION = YES;
				CLANG_WARN_OBJC_IMPLICIT_RETAIN_SELF = YES;
				CLANG_WARN_OBJC_LITERAL_CONVERSION = YES;
				CLANG_WARN_OBJC_ROOT_CLASS = YES_ERROR;
				CLANG_WARN_RANGE_LOOP_ANALYSIS = YES;
				CLANG_WARN_STRICT_PROTOTYPES = YES;
				CLANG_WARN_SUSPICIOUS_MOVE = YES;
				CLANG_WARN_UNGUARDED_AVAILABILITY = YES_AGGRESSIVE;
				CLANG_WARN_UNREACHABLE_CODE = YES;
				CLANG_WARN__DUPLICATE_METHOD_MATCH = YES;
				COPY_PHASE_STRIP = NO;
				DEBUG_INFORMATION_FORMAT = "dwarf-with-dsym";
				ENABLE_NS_ASSERTIONS = NO;
				ENABLE_STRICT_OBJC_MSGSEND = YES;
				GCC_C_LANGUAGE_STANDARD = gnu11;
				GCC_NO_COMMON_BLOCKS = YES;
				GCC_WARN_64_TO_32_BIT_CONVERSION = YES;
				GCC_WARN_ABOUT_RETURN_TYPE = YES_ERROR;
				GCC_WARN_UNDECLARED_SELECTOR = YES;
				GCC_WARN_UNINITIALIZED_AUTOS = YES_AGGRESSIVE;
				GCC_WARN_UNUSED_FUNCTION = YES;
				GCC_WARN_UNUSED_VARIABLE = YES;
				IPHONEOS_DEPLOYMENT_TARGET = 13.4;
				MTL_ENABLE_DEBUG_INFO = NO;
				MTL_FAST_MATH = YES;
				SDKROOT = iphoneos;
				SWIFT_COMPILATION_MODE = wholemodule;
				SWIFT_OPTIMIZATION_LEVEL = "-O";
				VALIDATE_PRODUCT = YES;
			};
			name = Release;
		};
		6F136631245D91C800CF541C /* Debug */ = {
			isa = XCBuildConfiguration;
			baseConfigurationReference = 7ACA77165CE9FFBBF266D04B /* Pods-BlackStarDiploma.debug.xcconfig */;
			buildSettings = {
				ASSETCATALOG_COMPILER_APPICON_NAME = AppIcon;
				CODE_SIGN_STYLE = Automatic;
				DEVELOPMENT_TEAM = Y3J9DR9455;
				INFOPLIST_FILE = BlackStarDiploma/Info.plist;
				LD_RUNPATH_SEARCH_PATHS = (
					"$(inherited)",
					"@executable_path/Frameworks",
				);
				PRODUCT_BUNDLE_IDENTIFIER = Skillbox.BlackStarDiploma;
				PRODUCT_NAME = "Black Star Wear";
				SWIFT_VERSION = 5.0;
				TARGETED_DEVICE_FAMILY = "1,2";
			};
			name = Debug;
		};
		6F136632245D91C800CF541C /* Release */ = {
			isa = XCBuildConfiguration;
			baseConfigurationReference = BA900FBA698E6D6C68C14D23 /* Pods-BlackStarDiploma.release.xcconfig */;
			buildSettings = {
				ASSETCATALOG_COMPILER_APPICON_NAME = AppIcon;
				CODE_SIGN_STYLE = Automatic;
				DEVELOPMENT_TEAM = Y3J9DR9455;
				INFOPLIST_FILE = BlackStarDiploma/Info.plist;
				LD_RUNPATH_SEARCH_PATHS = (
					"$(inherited)",
					"@executable_path/Frameworks",
				);
				PRODUCT_BUNDLE_IDENTIFIER = Skillbox.BlackStarDiploma;
				PRODUCT_NAME = "Black Star Wear";
				SWIFT_VERSION = 5.0;
				TARGETED_DEVICE_FAMILY = "1,2";
			};
			name = Release;
		};
/* End XCBuildConfiguration section */

/* Begin XCConfigurationList section */
		6F136617245D91C200CF541C /* Build configuration list for PBXProject "BlackStarDiploma" */ = {
			isa = XCConfigurationList;
			buildConfigurations = (
				6F13662E245D91C800CF541C /* Debug */,
				6F13662F245D91C800CF541C /* Release */,
			);
			defaultConfigurationIsVisible = 0;
			defaultConfigurationName = Release;
		};
		6F136630245D91C800CF541C /* Build configuration list for PBXNativeTarget "BlackStarDiploma" */ = {
			isa = XCConfigurationList;
			buildConfigurations = (
				6F136631245D91C800CF541C /* Debug */,
				6F136632245D91C800CF541C /* Release */,
			);
			defaultConfigurationIsVisible = 0;
			defaultConfigurationName = Release;
		};
/* End XCConfigurationList section */
	};
	rootObject = 6F136614245D91C200CF541C /* Project object */;
}
